# This file is automatically @generated by Poetry 1.8.2 and should not be changed by hand.

[[package]]
name = "altgraph"
version = "0.17.4"
description = "Python graph (network) package"
optional = false
python-versions = "*"
files = [
    {file = "altgraph-0.17.4-py2.py3-none-any.whl", hash = "sha256:642743b4750de17e655e6711601b077bc6598dbfa3ba5fa2b2a35ce12b508dff"},
    {file = "altgraph-0.17.4.tar.gz", hash = "sha256:1b5afbb98f6c4dcadb2e2ae6ab9fa994bbb8c1d75f4fa96d340f9437ae454406"},
]

[[package]]
name = "colorama"
version = "0.4.6"
description = "Cross-platform colored terminal text."
optional = false
python-versions = "!=3.0.*,!=3.1.*,!=3.2.*,!=3.3.*,!=3.4.*,!=3.5.*,!=3.6.*,>=2.7"
files = [
    {file = "colorama-0.4.6-py2.py3-none-any.whl", hash = "sha256:4f1d9991f5acc0ca119f9d443620b77f9d6b33703e51011c16baf57afb285fc6"},
    {file = "colorama-0.4.6.tar.gz", hash = "sha256:08695f5cb7ed6e0531a20572697297273c47b8cae5a63ffc6d6ed5c201be6e44"},
]

[[package]]
name = "exceptiongroup"
version = "1.2.2"
description = "Backport of PEP 654 (exception groups)"
optional = false
python-versions = ">=3.7"
files = [
    {file = "exceptiongroup-1.2.2-py3-none-any.whl", hash = "sha256:3111b9d131c238bec2f8f516e123e14ba243563fb135d3fe885990585aa7795b"},
    {file = "exceptiongroup-1.2.2.tar.gz", hash = "sha256:47c2edf7c6738fafb49fd34290706d1a1a2f4d1c6df275526b62cbb4aa5393cc"},
]

[package.extras]
test = ["pytest (>=6)"]

[[package]]
name = "frozendict"
version = "2.4.4"
description = "A simple immutable dictionary"
optional = false
python-versions = ">=3.6"
files = [
    {file = "frozendict-2.4.4-cp310-cp310-macosx_11_0_arm64.whl", hash = "sha256:4a59578d47b3949437519b5c39a016a6116b9e787bb19289e333faae81462e59"},
    {file = "frozendict-2.4.4-cp310-cp310-manylinux_2_17_aarch64.manylinux2014_aarch64.whl", hash = "sha256:12a342e439aef28ccec533f0253ea53d75fe9102bd6ea928ff530e76eac38906"},
    {file = "frozendict-2.4.4-cp310-cp310-manylinux_2_17_x86_64.manylinux2014_x86_64.whl", hash = "sha256:7f79c26dff10ce11dad3b3627c89bb2e87b9dd5958c2b24325f16a23019b8b94"},
    {file = "frozendict-2.4.4-cp310-cp310-musllinux_1_1_aarch64.whl", hash = "sha256:2bd009cf4fc47972838a91e9b83654dc9a095dc4f2bb3a37c3f3124c8a364543"},
    {file = "frozendict-2.4.4-cp310-cp310-musllinux_1_1_x86_64.whl", hash = "sha256:87ebcde21565a14fe039672c25550060d6f6d88cf1f339beac094c3b10004eb0"},
    {file = "frozendict-2.4.4-cp310-cp310-win_amd64.whl", hash = "sha256:fefeb700bc7eb8b4c2dc48704e4221860d254c8989fb53488540bc44e44a1ac2"},
    {file = "frozendict-2.4.4-cp310-cp310-win_arm64.whl", hash = "sha256:4297d694eb600efa429769125a6f910ec02b85606f22f178bafbee309e7d3ec7"},
    {file = "frozendict-2.4.4-cp36-cp36m-manylinux_2_17_aarch64.manylinux2014_aarch64.whl", hash = "sha256:812ab17522ba13637826e65454115a914c2da538356e85f43ecea069813e4b33"},
    {file = "frozendict-2.4.4-cp36-cp36m-manylinux_2_17_x86_64.manylinux2014_x86_64.whl", hash = "sha256:7fee9420475bb6ff357000092aa9990c2f6182b2bab15764330f4ad7de2eae49"},
    {file = "frozendict-2.4.4-cp36-cp36m-musllinux_1_1_aarch64.whl", hash = "sha256:3148062675536724502c6344d7c485dd4667fdf7980ca9bd05e338ccc0c4471e"},
    {file = "frozendict-2.4.4-cp36-cp36m-musllinux_1_1_x86_64.whl", hash = "sha256:78c94991944dd33c5376f720228e5b252ee67faf3bac50ef381adc9e51e90d9d"},
    {file = "frozendict-2.4.4-cp36-cp36m-win_amd64.whl", hash = "sha256:1697793b5f62b416c0fc1d94638ec91ed3aa4ab277f6affa3a95216ecb3af170"},
    {file = "frozendict-2.4.4-cp37-cp37m-manylinux_2_17_aarch64.manylinux2014_aarch64.whl", hash = "sha256:199a4d32194f3afed6258de7e317054155bc9519252b568d9cfffde7e4d834e5"},
    {file = "frozendict-2.4.4-cp37-cp37m-manylinux_2_17_x86_64.manylinux2014_x86_64.whl", hash = "sha256:85375ec6e979e6373bffb4f54576a68bf7497c350861d20686ccae38aab69c0a"},
    {file = "frozendict-2.4.4-cp37-cp37m-musllinux_1_1_aarch64.whl", hash = "sha256:2d8536e068d6bf281f23fa835ac07747fb0f8851879dd189e9709f9567408b4d"},
    {file = "frozendict-2.4.4-cp37-cp37m-musllinux_1_1_x86_64.whl", hash = "sha256:259528ba6b56fa051bc996f1c4d8b57e30d6dd3bc2f27441891b04babc4b5e73"},
    {file = "frozendict-2.4.4-cp37-cp37m-win_amd64.whl", hash = "sha256:07c3a5dee8bbb84cba770e273cdbf2c87c8e035903af8f781292d72583416801"},
    {file = "frozendict-2.4.4-cp38-cp38-macosx_11_0_arm64.whl", hash = "sha256:6874fec816b37b6eb5795b00e0574cba261bf59723e2de607a195d5edaff0786"},
    {file = "frozendict-2.4.4-cp38-cp38-manylinux_2_17_aarch64.manylinux2014_aarch64.whl", hash = "sha256:c8f92425686323a950337da4b75b4c17a3327b831df8c881df24038d560640d4"},
    {file = "frozendict-2.4.4-cp38-cp38-manylinux_2_17_x86_64.manylinux2014_x86_64.whl", hash = "sha256:5d58d9a8d9e49662c6dafbea5e641f97decdb3d6ccd76e55e79818415362ba25"},
    {file = "frozendict-2.4.4-cp38-cp38-musllinux_1_1_aarch64.whl", hash = "sha256:93a7b19afb429cbf99d56faf436b45ef2fa8fe9aca89c49eb1610c3bd85f1760"},
    {file = "frozendict-2.4.4-cp38-cp38-musllinux_1_1_x86_64.whl", hash = "sha256:2b70b431e3a72d410a2cdf1497b3aba2f553635e0c0f657ce311d841bf8273b6"},
    {file = "frozendict-2.4.4-cp38-cp38-win_amd64.whl", hash = "sha256:e1b941132d79ce72d562a13341d38fc217bc1ee24d8c35a20d754e79ff99e038"},
    {file = "frozendict-2.4.4-cp39-cp39-macosx_11_0_arm64.whl", hash = "sha256:dc2228874eacae390e63fd4f2bb513b3144066a977dc192163c9f6c7f6de6474"},
    {file = "frozendict-2.4.4-cp39-cp39-manylinux_2_17_aarch64.manylinux2014_aarch64.whl", hash = "sha256:63aa49f1919af7d45fb8fd5dec4c0859bc09f46880bd6297c79bb2db2969b63d"},
    {file = "frozendict-2.4.4-cp39-cp39-manylinux_2_17_x86_64.manylinux2014_x86_64.whl", hash = "sha256:c6bf9260018d653f3cab9bd147bd8592bf98a5c6e338be0491ced3c196c034a3"},
    {file = "frozendict-2.4.4-cp39-cp39-musllinux_1_1_aarch64.whl", hash = "sha256:6eb716e6a6d693c03b1d53280a1947716129f5ef9bcdd061db5c17dea44b80fe"},
    {file = "frozendict-2.4.4-cp39-cp39-musllinux_1_1_x86_64.whl", hash = "sha256:d13b4310db337f4d2103867c5a05090b22bc4d50ca842093779ef541ea9c9eea"},
    {file = "frozendict-2.4.4-cp39-cp39-win_amd64.whl", hash = "sha256:b3b967d5065872e27b06f785a80c0ed0a45d1f7c9b85223da05358e734d858ca"},
    {file = "frozendict-2.4.4-cp39-cp39-win_arm64.whl", hash = "sha256:4ae8d05c8d0b6134bfb6bfb369d5fa0c4df21eabb5ca7f645af95fdc6689678e"},
    {file = "frozendict-2.4.4-py311-none-any.whl", hash = "sha256:705efca8d74d3facbb6ace80ab3afdd28eb8a237bfb4063ed89996b024bc443d"},
    {file = "frozendict-2.4.4-py312-none-any.whl", hash = "sha256:d9647563e76adb05b7cde2172403123380871360a114f546b4ae1704510801e5"},
    {file = "frozendict-2.4.4.tar.gz", hash = "sha256:3f7c031b26e4ee6a3f786ceb5e3abf1181c4ade92dce1f847da26ea2c96008c7"},
]

[[package]]
name = "iniconfig"
version = "2.0.0"
description = "brain-dead simple config-ini parsing"
optional = false
python-versions = ">=3.7"
files = [
    {file = "iniconfig-2.0.0-py3-none-any.whl", hash = "sha256:b6a85871a79d2e3b22d2d1b94ac2824226a63c6b741c88f7ae975f18b6778374"},
    {file = "iniconfig-2.0.0.tar.gz", hash = "sha256:2d91e135bf72d31a410b17c16da610a82cb55f6b0477d1a902134b24a455b8b3"},
]

[[package]]
name = "macholib"
version = "1.16.3"
description = "Mach-O header analysis and editing"
optional = false
python-versions = "*"
files = [
    {file = "macholib-1.16.3-py2.py3-none-any.whl", hash = "sha256:0e315d7583d38b8c77e815b1ecbdbf504a8258d8b3e17b61165c6feb60d18f2c"},
    {file = "macholib-1.16.3.tar.gz", hash = "sha256:07ae9e15e8e4cd9a788013d81f5908b3609aa76f9b1421bae9c4d7606ec86a30"},
]

[package.dependencies]
altgraph = ">=0.17"

[[package]]
name = "packaging"
version = "24.1"
description = "Core utilities for Python packages"
optional = false
python-versions = ">=3.8"
files = [
    {file = "packaging-24.1-py3-none-any.whl", hash = "sha256:5b8f2217dbdbd2f7f384c41c628544e6d52f2d0f53c6d0c3ea61aa5d1d7ff124"},
    {file = "packaging-24.1.tar.gz", hash = "sha256:026ed72c8ed3fcce5bf8950572258698927fd1dbda10a5e981cdf0ac37f4f002"},
]

[[package]]
name = "pefile"
version = "2024.8.26"
description = "Python PE parsing module"
optional = false
python-versions = ">=3.6.0"
files = [
    {file = "pefile-2024.8.26-py3-none-any.whl", hash = "sha256:76f8b485dcd3b1bb8166f1128d395fa3d87af26360c2358fb75b80019b957c6f"},
    {file = "pefile-2024.8.26.tar.gz", hash = "sha256:3ff6c5d8b43e8c37bb6e6dd5085658d658a7a0bdcd20b6a07b1fcfc1c4e9d632"},
]

[[package]]
name = "pluggy"
version = "1.5.0"
description = "plugin and hook calling mechanisms for python"
optional = false
python-versions = ">=3.8"
files = [
    {file = "pluggy-1.5.0-py3-none-any.whl", hash = "sha256:44e1ad92c8ca002de6377e165f3e0f1be63266ab4d554740532335b9d75ea669"},
    {file = "pluggy-1.5.0.tar.gz", hash = "sha256:2cffa88e94fdc978c4c574f15f9e59b7f4201d439195c3715ca9e2486f1d0cf1"},
]

[package.extras]
dev = ["pre-commit", "tox"]
testing = ["pytest", "pytest-benchmark"]

[[package]]
name = "pyinstaller"
version = "6.10.0"
description = "PyInstaller bundles a Python application and all its dependencies into a single package."
optional = false
python-versions = "<3.14,>=3.8"
files = [
    {file = "pyinstaller-6.10.0-py3-none-macosx_10_13_universal2.whl", hash = "sha256:d60fb22859e11483af735aec115fdde09467cdbb29edd9844839f2c920b748c0"},
    {file = "pyinstaller-6.10.0-py3-none-manylinux2014_aarch64.whl", hash = "sha256:46d75359668993ddd98630a3669dc5249f3c446e35239b43bc7f4155bc574748"},
    {file = "pyinstaller-6.10.0-py3-none-manylinux2014_i686.whl", hash = "sha256:3398a98fa17d47ccb31f8779ecbdacec025f7adb2f22757a54b706ac8b4fe906"},
    {file = "pyinstaller-6.10.0-py3-none-manylinux2014_ppc64le.whl", hash = "sha256:e9989f354ae4ed8a3bec7bdb37ae0d170751d6520e500f049c7cd0632d31d5c3"},
    {file = "pyinstaller-6.10.0-py3-none-manylinux2014_s390x.whl", hash = "sha256:b7c90c91921b3749083115b28f30f40abf2bb481ceff196d2b2ce0eaa2b3d429"},
    {file = "pyinstaller-6.10.0-py3-none-manylinux2014_x86_64.whl", hash = "sha256:6cf876d7d93b8b4f28d1ad57fa24645cf43119c79e985dd5e5f7a801245e6f53"},
    {file = "pyinstaller-6.10.0-py3-none-musllinux_1_1_aarch64.whl", hash = "sha256:db05e3f2f10f9f78c56f1fb163d9cb453433429fe4281218ebaf1ebfd39ba942"},
    {file = "pyinstaller-6.10.0-py3-none-musllinux_1_1_x86_64.whl", hash = "sha256:28eca3817f176fdc19747e1afcf434f13bb9f17a644f611be2c5a61b1f498ed7"},
    {file = "pyinstaller-6.10.0-py3-none-win32.whl", hash = "sha256:703e041718987e46ba0568a2c71ecf2459fddef57cf9edf3efeed4a53e3dae3f"},
    {file = "pyinstaller-6.10.0-py3-none-win_amd64.whl", hash = "sha256:95b55966e563e8b8f31a43882aea10169e9a11fdf38e626d86a2907b640c0701"},
    {file = "pyinstaller-6.10.0-py3-none-win_arm64.whl", hash = "sha256:308e0a8670c9c9ac0cebbf1bbb492e71b6675606f2ec78bc4adfc830d209e087"},
    {file = "pyinstaller-6.10.0.tar.gz", hash = "sha256:143840f8056ff7b910bf8f16f6cd92cc10a6c2680bb76d0a25d558d543d21270"},
]

[package.dependencies]
altgraph = "*"
macholib = {version = ">=1.8", markers = "sys_platform == \"darwin\""}
packaging = ">=22.0"
pefile = {version = ">=2022.5.30", markers = "sys_platform == \"win32\""}
pyinstaller-hooks-contrib = ">=2024.8"
pywin32-ctypes = {version = ">=0.2.1", markers = "sys_platform == \"win32\""}
setuptools = ">=42.0.0"

[package.extras]
completion = ["argcomplete"]
hook-testing = ["execnet (>=1.5.0)", "psutil", "pytest (>=2.7.3)"]

[[package]]
name = "pyinstaller-hooks-contrib"
version = "2024.8"
description = "Community maintained hooks for PyInstaller"
optional = false
python-versions = ">=3.8"
files = [
    {file = "pyinstaller_hooks_contrib-2024.8-py3-none-any.whl", hash = "sha256:0057fe9a5c398d3f580e73e58793a1d4a8315ca91c3df01efea1c14ed557825a"},
    {file = "pyinstaller_hooks_contrib-2024.8.tar.gz", hash = "sha256:29b68d878ab739e967055b56a93eb9b58e529d5b054fbab7a2f2bacf80cef3e2"},
]

[package.dependencies]
packaging = ">=22.0"
setuptools = ">=42.0.0"

[[package]]
name = "pytest"
version = "8.3.3"
description = "pytest: simple powerful testing with Python"
optional = false
python-versions = ">=3.8"
files = [
    {file = "pytest-8.3.3-py3-none-any.whl", hash = "sha256:a6853c7375b2663155079443d2e45de913a911a11d669df02a50814944db57b2"},
    {file = "pytest-8.3.3.tar.gz", hash = "sha256:70b98107bd648308a7952b06e6ca9a50bc660be218d53c257cc1fc94fda10181"},
]

[package.dependencies]
colorama = {version = "*", markers = "sys_platform == \"win32\""}
exceptiongroup = {version = ">=1.0.0rc8", markers = "python_version < \"3.11\""}
iniconfig = "*"
packaging = "*"
pluggy = ">=1.5,<2"
tomli = {version = ">=1", markers = "python_version < \"3.11\""}

[package.extras]
dev = ["argcomplete", "attrs (>=19.2)", "hypothesis (>=3.56)", "mock", "pygments (>=2.7.2)", "requests", "setuptools", "xmlschema"]

[[package]]
name = "pyudev"
version = "0.24.3"
description = "A libudev binding"
optional = false
python-versions = ">=3.7"
files = [
    {file = "pyudev-0.24.3-py3-none-any.whl", hash = "sha256:e8246f0a014fe370119ba2bc781bfbe62c0298d0d6b39c94e83102a8a3f56960"},
    {file = "pyudev-0.24.3.tar.gz", hash = "sha256:2e945427a21674893bb97632401db62139d91cea1ee96137cc7b07ad22198fc7"},
]

[[package]]
name = "pywin32-ctypes"
version = "0.2.3"
description = "A (partial) reimplementation of pywin32 using ctypes/cffi"
optional = false
python-versions = ">=3.6"
files = [
    {file = "pywin32-ctypes-0.2.3.tar.gz", hash = "sha256:d162dc04946d704503b2edc4d55f3dba5c1d539ead017afa00142c38b9885755"},
    {file = "pywin32_ctypes-0.2.3-py3-none-any.whl", hash = "sha256:8a1513379d709975552d202d942d9837758905c8d01eb82b8bcc30918929e7b8"},
]

[[package]]
name = "setuptools"
version = "75.1.0"
description = "Easily download, build, install, upgrade, and uninstall Python packages"
optional = false
python-versions = ">=3.8"
files = [
    {file = "setuptools-75.1.0-py3-none-any.whl", hash = "sha256:35ab7fd3bcd95e6b7fd704e4a1539513edad446c097797f2985e0e4b960772f2"},
    {file = "setuptools-75.1.0.tar.gz", hash = "sha256:d59a21b17a275fb872a9c3dae73963160ae079f1049ed956880cd7c09b120538"},
]

[package.extras]
check = ["pytest-checkdocs (>=2.4)", "pytest-ruff (>=0.2.1)", "ruff (>=0.5.2)"]
core = ["importlib-metadata (>=6)", "importlib-resources (>=5.10.2)", "jaraco.collections", "jaraco.functools", "jaraco.text (>=3.7)", "more-itertools", "more-itertools (>=8.8)", "packaging", "packaging (>=24)", "platformdirs (>=2.6.2)", "tomli (>=2.0.1)", "wheel (>=0.43.0)"]
cover = ["pytest-cov"]
doc = ["furo", "jaraco.packaging (>=9.3)", "jaraco.tidelift (>=1.4)", "pygments-github-lexers (==0.0.5)", "pyproject-hooks (!=1.1)", "rst.linker (>=1.9)", "sphinx (>=3.5)", "sphinx-favicon", "sphinx-inline-tabs", "sphinx-lint", "sphinx-notfound-page (>=1,<2)", "sphinx-reredirects", "sphinxcontrib-towncrier", "towncrier (<24.7)"]
enabler = ["pytest-enabler (>=2.2)"]
test = ["build[virtualenv] (>=1.0.3)", "filelock (>=3.4.0)", "ini2toml[lite] (>=0.14)", "jaraco.develop (>=7.21)", "jaraco.envs (>=2.2)", "jaraco.path (>=3.2.0)", "jaraco.test", "packaging (>=23.2)", "pip (>=19.1)", "pyproject-hooks (!=1.1)", "pytest (>=6,!=8.1.*)", "pytest-home (>=0.5)", "pytest-perf", "pytest-subprocess", "pytest-timeout", "pytest-xdist (>=3)", "tomli-w (>=1.0.0)", "virtualenv (>=13.0.0)", "wheel (>=0.44.0)"]
type = ["importlib-metadata (>=7.0.2)", "jaraco.develop (>=7.21)", "mypy (==1.11.*)", "pytest-mypy"]

[[package]]
name = "tomli"
version = "2.0.1"
description = "A lil' TOML parser"
optional = false
python-versions = ">=3.7"
files = [
    {file = "tomli-2.0.1-py3-none-any.whl", hash = "sha256:939de3e7a6161af0c887ef91b7d41a53e7c5a1ca976325f429cb46ea9bc30ecc"},
    {file = "tomli-2.0.1.tar.gz", hash = "sha256:de526c12914f0c550d15924c62d72abc48d6fe7364aa87328337a31007fe8a4f"},
]

[[package]]
name = "tomlkit"
version = "0.12.5"
description = "Style preserving TOML library"
optional = false
python-versions = ">=3.7"
files = [
    {file = "tomlkit-0.12.5-py3-none-any.whl", hash = "sha256:af914f5a9c59ed9d0762c7b64d3b5d5df007448eb9cd2edc8a46b1eafead172f"},
    {file = "tomlkit-0.12.5.tar.gz", hash = "sha256:eef34fba39834d4d6b73c9ba7f3e4d1c417a4e56f89a7e96e090dd0d24b8fb3c"},
]

[metadata]
lock-version = "2.0"
python-versions = "^3.10,<3.13"
content-hash = "5560946a724fdb3932ccf271dbcef251bbbfcd95a05535b302153e63400e512a"
