# This file is automatically @generated by Poetry 1.8.2 and should not be changed by hand.

[[package]]
name = "altgraph"
version = "0.17.4"
description = "Python graph (network) package"
optional = false
python-versions = "*"
files = [
    {file = "altgraph-0.17.4-py2.py3-none-any.whl", hash = "sha256:642743b4750de17e655e6711601b077bc6598dbfa3ba5fa2b2a35ce12b508dff"},
    {file = "altgraph-0.17.4.tar.gz", hash = "sha256:1b5afbb98f6c4dcadb2e2ae6ab9fa994bbb8c1d75f4fa96d340f9437ae454406"},
]

[[package]]
name = "colorama"
version = "0.4.6"
description = "Cross-platform colored terminal text."
optional = false
python-versions = "!=3.0.*,!=3.1.*,!=3.2.*,!=3.3.*,!=3.4.*,!=3.5.*,!=3.6.*,>=2.7"
files = [
    {file = "colorama-0.4.6-py2.py3-none-any.whl", hash = "sha256:4f1d9991f5acc0ca119f9d443620b77f9d6b33703e51011c16baf57afb285fc6"},
    {file = "colorama-0.4.6.tar.gz", hash = "sha256:08695f5cb7ed6e0531a20572697297273c47b8cae5a63ffc6d6ed5c201be6e44"},
]

[[package]]
name = "coverage"
version = "7.6.11"
description = "Code coverage measurement for Python"
optional = false
python-versions = ">=3.9"
files = [
    {file = "coverage-7.6.11-cp310-cp310-macosx_10_9_x86_64.whl", hash = "sha256:eafea49da254a8289bed3fab960f808b322eda5577cb17a3733014928bbfbebd"},
    {file = "coverage-7.6.11-cp310-cp310-macosx_11_0_arm64.whl", hash = "sha256:5a3f7cbbcb4ad95067a6525f83a6fc78d9cbc1e70f8abaeeaeaa72ef34f48fc3"},
    {file = "coverage-7.6.11-cp310-cp310-manylinux_2_17_aarch64.manylinux2014_aarch64.whl", hash = "sha256:de6b079b39246a7da9a40cfa62d5766bd52b4b7a88cf5a82ec4c45bf6e152306"},
    {file = "coverage-7.6.11-cp310-cp310-manylinux_2_5_i686.manylinux1_i686.manylinux_2_17_i686.manylinux2014_i686.whl", hash = "sha256:60d4ad09dfc8c36c4910685faafcb8044c84e4dae302e86c585b3e2e7778726c"},
    {file = "coverage-7.6.11-cp310-cp310-manylinux_2_5_x86_64.manylinux1_x86_64.manylinux_2_17_x86_64.manylinux2014_x86_64.whl", hash = "sha256:8e433b6e3a834a43dae2889adc125f3fa4c66668df420d8e49bc4ee817dd7a70"},
    {file = "coverage-7.6.11-cp310-cp310-musllinux_1_2_aarch64.whl", hash = "sha256:ac5d92e2cc121a13270697e4cb37e1eb4511ac01d23fe1b6c097facc3b46489e"},
    {file = "coverage-7.6.11-cp310-cp310-musllinux_1_2_i686.whl", hash = "sha256:5128f3ba694c0a1bde55fc480090392c336236c3e1a10dad40dc1ab17c7675ff"},
    {file = "coverage-7.6.11-cp310-cp310-musllinux_1_2_x86_64.whl", hash = "sha256:397489c611b76302dfa1d9ea079e138dddc4af80fc6819d5f5119ec8ca6c0e47"},
    {file = "coverage-7.6.11-cp310-cp310-win32.whl", hash = "sha256:c7719a5e1dc93883a6b319bc0374ecd46fb6091ed659f3fbe281ab991634b9b0"},
    {file = "coverage-7.6.11-cp310-cp310-win_amd64.whl", hash = "sha256:c27df03730059118b8a923cfc8b84b7e9976742560af528242f201880879c1da"},
    {file = "coverage-7.6.11-cp311-cp311-macosx_10_9_x86_64.whl", hash = "sha256:532fe139691af134aa8b54ed60dd3c806aa81312d93693bd2883c7b61592c840"},
    {file = "coverage-7.6.11-cp311-cp311-macosx_11_0_arm64.whl", hash = "sha256:e0b0f272901a5172090c0802053fbc503cdc3fa2612720d2669a98a7384a7bec"},
    {file = "coverage-7.6.11-cp311-cp311-manylinux_2_5_i686.manylinux1_i686.manylinux_2_17_i686.manylinux2014_i686.whl", hash = "sha256:4bda710139ea646890d1c000feb533caff86904a0e0638f85e967c28cb8eec50"},
    {file = "coverage-7.6.11-cp311-cp311-manylinux_2_5_x86_64.manylinux1_x86_64.manylinux_2_17_x86_64.manylinux2014_x86_64.whl", hash = "sha256:a165b09e7d5f685bf659063334a9a7b1a2d57b531753d3e04bd442b3cfe5845b"},
    {file = "coverage-7.6.11-cp311-cp311-musllinux_1_2_i686.whl", hash = "sha256:ff136607689c1c87f43d24203b6d2055b42030f352d5176f9c8b204d4235ef27"},
    {file = "coverage-7.6.11-cp311-cp311-musllinux_1_2_x86_64.whl", hash = "sha256:050172741de03525290e67f0161ae5f7f387c88fca50d47fceb4724ceaa591d2"},
    {file = "coverage-7.6.11-cp311-cp311-win32.whl", hash = "sha256:27700d859be68e4fb2e7bf774cf49933dcac6f81a9bc4c13bd41735b8d26a53b"},
    {file = "coverage-7.6.11-cp311-cp311-win_amd64.whl", hash = "sha256:cd4839813b09ab1dd1be1bbc74f9a7787615f931f83952b6a9af1b2d3f708bf7"},
    {file = "coverage-7.6.11-cp312-cp312-macosx_10_13_x86_64.whl", hash = "sha256:dbb1a822fd858d9853333a7c95d4e70dde9a79e65893138ce32c2ec6457d7a36"},
    {file = "coverage-7.6.11-cp312-cp312-macosx_11_0_arm64.whl", hash = "sha256:61c834cbb80946d6ebfddd9b393a4c46bec92fcc0fa069321fcb8049117f76ea"},
    {file = "coverage-7.6.11-cp312-cp312-manylinux_2_5_i686.manylinux1_i686.manylinux_2_17_i686.manylinux2014_i686.whl", hash = "sha256:a46d56e99a31d858d6912d31ffa4ede6a325c86af13139539beefca10a1234ce"},
    {file = "coverage-7.6.11-cp312-cp312-manylinux_2_5_x86_64.manylinux1_x86_64.manylinux_2_17_x86_64.manylinux2014_x86_64.whl", hash = "sha256:5b48db06f53d1864fea6dbd855e6d51d41c0f06c212c3004511c0bdc6847b297"},
    {file = "coverage-7.6.11-cp312-cp312-musllinux_1_2_i686.whl", hash = "sha256:b6ff5be3b1853e0862da9d349fe87f869f68e63a25f7c37ce1130b321140f963"},
    {file = "coverage-7.6.11-cp312-cp312-musllinux_1_2_x86_64.whl", hash = "sha256:be05bde21d5e6eefbc3a6de6b9bee2b47894b8945342e8663192809c4d1f08ce"},
    {file = "coverage-7.6.11-cp312-cp312-win32.whl", hash = "sha256:e3b746fa0ffc5b6b8856529de487da8b9aeb4fb394bb58de6502ef45f3434f12"},
    {file = "coverage-7.6.11-cp312-cp312-win_amd64.whl", hash = "sha256:ac476e6d0128fb7919b3fae726de72b28b5c9644cb4b579e4a523d693187c551"},
    {file = "coverage-7.6.11-cp313-cp313-macosx_10_13_x86_64.whl", hash = "sha256:c86f4c7a6d1a54a24d804d9684d96e36a62d3ef7c0d7745ae2ea39e3e0293251"},
    {file = "coverage-7.6.11-cp313-cp313-macosx_11_0_arm64.whl", hash = "sha256:7eb0504bb307401fd08bc5163a351df301438b3beb88a4fa044681295bbefc67"},
    {file = "coverage-7.6.11-cp313-cp313-manylinux_2_17_aarch64.manylinux2014_aarch64.whl", hash = "sha256:ca95d40900cf614e07f00cee8c2fad0371df03ca4d7a80161d84be2ec132b7a4"},
    {file = "coverage-7.6.11-cp313-cp313-manylinux_2_5_i686.manylinux1_i686.manylinux_2_17_i686.manylinux2014_i686.whl", hash = "sha256:db4b1a69976b1b02acda15937538a1d3fe10b185f9d99920b17a740a0a102e06"},
    {file = "coverage-7.6.11-cp313-cp313-manylinux_2_5_x86_64.manylinux1_x86_64.manylinux_2_17_x86_64.manylinux2014_x86_64.whl", hash = "sha256:4cf96beb05d004e4c51cd846fcdf9eee9eb2681518524b66b2e7610507944c2f"},
    {file = "coverage-7.6.11-cp313-cp313-musllinux_1_2_aarch64.whl", hash = "sha256:08e5fb93576a6b054d3d326242af5ef93daaac9bb52bc25f12ccbc3fa94227cd"},
    {file = "coverage-7.6.11-cp313-cp313-musllinux_1_2_i686.whl", hash = "sha256:25575cd5a7d2acc46b42711e8aff826027c0e4f80fb38028a74f31ac22aae69d"},
    {file = "coverage-7.6.11-cp313-cp313-musllinux_1_2_x86_64.whl", hash = "sha256:8fa4fffd90ee92f62ff7404b4801b59e8ea8502e19c9bf2d3241ce745b52926c"},
    {file = "coverage-7.6.11-cp313-cp313-win32.whl", hash = "sha256:0d03c9452d9d1ccfe5d3a5df0427705022a49b356ac212d529762eaea5ef97b4"},
    {file = "coverage-7.6.11-cp313-cp313-win_amd64.whl", hash = "sha256:fd2fffc8ce8692ce540103dff26279d2af22d424516ddebe2d7e4d6dbb3816b2"},
    {file = "coverage-7.6.11-cp313-cp313t-macosx_10_13_x86_64.whl", hash = "sha256:5e7ac966ab110bd94ee844f2643f196d78fde1cd2450399116d3efdd706e19f5"},
    {file = "coverage-7.6.11-cp313-cp313t-macosx_11_0_arm64.whl", hash = "sha256:6ba27a0375c5ef4d2a7712f829265102decd5ff78b96d342ac2fa555742c4f4f"},
    {file = "coverage-7.6.11-cp313-cp313t-manylinux_2_17_aarch64.manylinux2014_aarch64.whl", hash = "sha256:e2778be4f574b39ec9dcd9e5e13644f770351ee0990a0ecd27e364aba95af89b"},
    {file = "coverage-7.6.11-cp313-cp313t-manylinux_2_5_i686.manylinux1_i686.manylinux_2_17_i686.manylinux2014_i686.whl", hash = "sha256:5edc16712187139ab635a2e644cc41fc239bc6d245b16124045743130455c652"},
    {file = "coverage-7.6.11-cp313-cp313t-manylinux_2_5_x86_64.manylinux1_x86_64.manylinux_2_17_x86_64.manylinux2014_x86_64.whl", hash = "sha256:df6ff122a0a10a30121d9f0cb3fbd03a6fe05861e4ec47adb9f25e9245aabc19"},
    {file = "coverage-7.6.11-cp313-cp313t-musllinux_1_2_aarch64.whl", hash = "sha256:ff562952f15eff27247a4c4b03e45ce8a82e3fb197de6a7c54080f9d4ba07845"},
    {file = "coverage-7.6.11-cp313-cp313t-musllinux_1_2_i686.whl", hash = "sha256:4f21e3617f48d683f30cf2a6c8b739c838e600cb1454fe6b2eb486ac2bce8fbd"},
    {file = "coverage-7.6.11-cp313-cp313t-musllinux_1_2_x86_64.whl", hash = "sha256:6d60577673ba48d8ae8e362e61fd4ad1a640293ffe8991d11c86f195479100b7"},
    {file = "coverage-7.6.11-cp313-cp313t-win32.whl", hash = "sha256:13100f98497086b359bf56fc035a762c674de8ef526daa389ac8932cb9bff1e0"},
    {file = "coverage-7.6.11-cp313-cp313t-win_amd64.whl", hash = "sha256:2c81e53782043b323bd34c7de711ed9b4673414eb517eaf35af92185b873839c"},
    {file = "coverage-7.6.11-cp39-cp39-macosx_10_9_x86_64.whl", hash = "sha256:ff52b4e2ac0080c96e506819586c4b16cdbf46724bda90d308a7330a73cc8521"},
    {file = "coverage-7.6.11-cp39-cp39-macosx_11_0_arm64.whl", hash = "sha256:f4679fcc9eb9004fdd1b00231ef1ec7167168071bebc4d66327e28c1979b4449"},
    {file = "coverage-7.6.11-cp39-cp39-manylinux_2_5_i686.manylinux1_i686.manylinux_2_17_i686.manylinux2014_i686.whl", hash = "sha256:90de4e9ca4489e823138bd13098af9ac8028cc029f33f60098b5c08c675c7bda"},
    {file = "coverage-7.6.11-cp39-cp39-manylinux_2_5_x86_64.manylinux1_x86_64.manylinux_2_17_x86_64.manylinux2014_x86_64.whl", hash = "sha256:6c96a142057d83ee993eaf71629ca3fb952cda8afa9a70af4132950c2bd3deb9"},
    {file = "coverage-7.6.11-cp39-cp39-musllinux_1_2_i686.whl", hash = "sha256:476f29a258b9cd153f2be5bf5f119d670d2806363595263917bddc167d6e5cce"},
    {file = "coverage-7.6.11-cp39-cp39-musllinux_1_2_x86_64.whl", hash = "sha256:09d03f48d9025b8a6a116cddcb6c7b8ce80e4fb4c31dd2e124a7c377036ad58e"},
    {file = "coverage-7.6.11-cp39-cp39-win32.whl", hash = "sha256:bb35ae9f134fbd9cf7302a9654d5a1e597c974202678082dcc569eb39a8cde03"},
    {file = "coverage-7.6.11-cp39-cp39-win_amd64.whl", hash = "sha256:f382004fa4c93c01016d9226b9d696a08c53f6818b7ad59b4e96cb67e863353a"},
    {file = "coverage-7.6.11-pp39.pp310-none-any.whl", hash = "sha256:adc2d941c0381edfcf3897f94b9f41b1e504902fab78a04b1677f2f72afead4b"},
    {file = "coverage-7.6.11-py3-none-any.whl", hash = "sha256:f0f334ae844675420164175bf32b04e18a81fe57ad8eb7e0cfd4689d681ffed7"},
    {file = "coverage-7.6.11.tar.gz", hash = "sha256:e642e6a46a04e992ebfdabed79e46f478ec60e2c528e1e1a074d63800eda4286"},
]

[package.dependencies]
tomli = {version = "*", optional = true, markers = "python_full_version <= \"3.11.0a6\" and extra == \"toml\""}

[package.extras]
toml = ["tomli"]

[[package]]
name = "exceptiongroup"
version = "1.2.2"
description = "Backport of PEP 654 (exception groups)"
optional = false
python-versions = ">=3.7"
files = [
    {file = "exceptiongroup-1.2.2-py3-none-any.whl", hash = "sha256:3111b9d131c238bec2f8f516e123e14ba243563fb135d3fe885990585aa7795b"},
    {file = "exceptiongroup-1.2.2.tar.gz", hash = "sha256:47c2edf7c6738fafb49fd34290706d1a1a2f4d1c6df275526b62cbb4aa5393cc"},
]

[package.extras]
test = ["pytest (>=6)"]

[[package]]
name = "frozendict"
version = "2.4.6"
description = "A simple immutable dictionary"
optional = false
python-versions = ">=3.6"
files = [
    {file = "frozendict-2.4.6-cp310-cp310-macosx_10_9_x86_64.whl", hash = "sha256:c3a05c0a50cab96b4bb0ea25aa752efbfceed5ccb24c007612bc63e51299336f"},
    {file = "frozendict-2.4.6-cp310-cp310-macosx_11_0_arm64.whl", hash = "sha256:f5b94d5b07c00986f9e37a38dd83c13f5fe3bf3f1ccc8e88edea8fe15d6cd88c"},
    {file = "frozendict-2.4.6-cp310-cp310-manylinux_2_17_aarch64.manylinux2014_aarch64.whl", hash = "sha256:f4c789fd70879ccb6289a603cdebdc4953e7e5dea047d30c1b180529b28257b5"},
    {file = "frozendict-2.4.6-cp310-cp310-manylinux_2_17_x86_64.manylinux2014_x86_64.whl", hash = "sha256:da6a10164c8a50b34b9ab508a9420df38f4edf286b9ca7b7df8a91767baecb34"},
    {file = "frozendict-2.4.6-cp310-cp310-musllinux_1_2_aarch64.whl", hash = "sha256:9a8a43036754a941601635ea9c788ebd7a7efbed2becba01b54a887b41b175b9"},
    {file = "frozendict-2.4.6-cp310-cp310-musllinux_1_2_x86_64.whl", hash = "sha256:c9905dcf7aa659e6a11b8051114c9fa76dfde3a6e50e6dc129d5aece75b449a2"},
    {file = "frozendict-2.4.6-cp310-cp310-win_amd64.whl", hash = "sha256:323f1b674a2cc18f86ab81698e22aba8145d7a755e0ac2cccf142ee2db58620d"},
    {file = "frozendict-2.4.6-cp310-cp310-win_arm64.whl", hash = "sha256:eabd21d8e5db0c58b60d26b4bb9839cac13132e88277e1376970172a85ee04b3"},
    {file = "frozendict-2.4.6-cp36-cp36m-macosx_10_9_x86_64.whl", hash = "sha256:eddabeb769fab1e122d3a6872982c78179b5bcc909fdc769f3cf1964f55a6d20"},
    {file = "frozendict-2.4.6-cp36-cp36m-manylinux_2_17_aarch64.manylinux2014_aarch64.whl", hash = "sha256:377a65be0a700188fc21e669c07de60f4f6d35fae8071c292b7df04776a1c27b"},
    {file = "frozendict-2.4.6-cp36-cp36m-manylinux_2_17_x86_64.manylinux2014_x86_64.whl", hash = "sha256:ce1e9217b85eec6ba9560d520d5089c82dbb15f977906eb345d81459723dd7e3"},
    {file = "frozendict-2.4.6-cp36-cp36m-musllinux_1_2_aarch64.whl", hash = "sha256:7291abacf51798d5ffe632771a69c14fb423ab98d63c4ccd1aa382619afe2f89"},
    {file = "frozendict-2.4.6-cp36-cp36m-musllinux_1_2_x86_64.whl", hash = "sha256:e72fb86e48811957d66ffb3e95580af7b1af1e6fbd760ad63d7bd79b2c9a07f8"},
    {file = "frozendict-2.4.6-cp36-cp36m-win_amd64.whl", hash = "sha256:622301b1c29c4f9bba633667d592a3a2b093cb408ba3ce578b8901ace3931ef3"},
    {file = "frozendict-2.4.6-cp37-cp37m-macosx_10_9_x86_64.whl", hash = "sha256:a4e3737cb99ed03200cd303bdcd5514c9f34b29ee48f405c1184141bd68611c9"},
    {file = "frozendict-2.4.6-cp37-cp37m-manylinux_2_17_aarch64.manylinux2014_aarch64.whl", hash = "sha256:49ffaf09241bc1417daa19362a2241a4aa435f758fd4375c39ce9790443a39cd"},
    {file = "frozendict-2.4.6-cp37-cp37m-manylinux_2_17_x86_64.manylinux2014_x86_64.whl", hash = "sha256:2d69418479bfb834ba75b0e764f058af46ceee3d655deb6a0dd0c0c1a5e82f09"},
    {file = "frozendict-2.4.6-cp37-cp37m-musllinux_1_2_aarch64.whl", hash = "sha256:c131f10c4d3906866454c4e89b87a7e0027d533cce8f4652aa5255112c4d6677"},
    {file = "frozendict-2.4.6-cp37-cp37m-musllinux_1_2_x86_64.whl", hash = "sha256:fc67cbb3c96af7a798fab53d52589752c1673027e516b702ab355510ddf6bdff"},
    {file = "frozendict-2.4.6-cp37-cp37m-win_amd64.whl", hash = "sha256:7730f8ebe791d147a1586cbf6a42629351d4597773317002181b66a2da0d509e"},
    {file = "frozendict-2.4.6-cp38-cp38-macosx_10_9_x86_64.whl", hash = "sha256:807862e14b0e9665042458fde692c4431d660c4219b9bb240817f5b918182222"},
    {file = "frozendict-2.4.6-cp38-cp38-macosx_11_0_arm64.whl", hash = "sha256:9647c74efe3d845faa666d4853cfeabbaee403b53270cabfc635b321f770e6b8"},
    {file = "frozendict-2.4.6-cp38-cp38-manylinux_2_17_aarch64.manylinux2014_aarch64.whl", hash = "sha256:665fad3f0f815aa41294e561d98dbedba4b483b3968e7e8cab7d728d64b96e33"},
    {file = "frozendict-2.4.6-cp38-cp38-manylinux_2_17_x86_64.manylinux2014_x86_64.whl", hash = "sha256:1f42e6b75254ea2afe428ad6d095b62f95a7ae6d4f8272f0bd44a25dddd20f67"},
    {file = "frozendict-2.4.6-cp38-cp38-musllinux_1_2_aarch64.whl", hash = "sha256:02331541611f3897f260900a1815b63389654951126e6e65545e529b63c08361"},
    {file = "frozendict-2.4.6-cp38-cp38-musllinux_1_2_x86_64.whl", hash = "sha256:18d50a2598350b89189da9150058191f55057581e40533e470db46c942373acf"},
    {file = "frozendict-2.4.6-cp38-cp38-win_amd64.whl", hash = "sha256:1b4a3f8f6dd51bee74a50995c39b5a606b612847862203dd5483b9cd91b0d36a"},
    {file = "frozendict-2.4.6-cp39-cp39-macosx_10_9_x86_64.whl", hash = "sha256:a76cee5c4be2a5d1ff063188232fffcce05dde6fd5edd6afe7b75b247526490e"},
    {file = "frozendict-2.4.6-cp39-cp39-macosx_11_0_arm64.whl", hash = "sha256:ba5ef7328706db857a2bdb2c2a17b4cd37c32a19c017cff1bb7eeebc86b0f411"},
    {file = "frozendict-2.4.6-cp39-cp39-manylinux_2_17_aarch64.manylinux2014_aarch64.whl", hash = "sha256:669237c571856be575eca28a69e92a3d18f8490511eff184937283dc6093bd67"},
    {file = "frozendict-2.4.6-cp39-cp39-manylinux_2_17_x86_64.manylinux2014_x86_64.whl", hash = "sha256:0aaa11e7c472150efe65adbcd6c17ac0f586896096ab3963775e1c5c58ac0098"},
    {file = "frozendict-2.4.6-cp39-cp39-musllinux_1_2_aarch64.whl", hash = "sha256:b8f2829048f29fe115da4a60409be2130e69402e29029339663fac39c90e6e2b"},
    {file = "frozendict-2.4.6-cp39-cp39-musllinux_1_2_x86_64.whl", hash = "sha256:94321e646cc39bebc66954a31edd1847d3a2a3483cf52ff051cd0996e7db07db"},
    {file = "frozendict-2.4.6-cp39-cp39-win_amd64.whl", hash = "sha256:74b6b26c15dddfefddeb89813e455b00ebf78d0a3662b89506b4d55c6445a9f4"},
    {file = "frozendict-2.4.6-cp39-cp39-win_arm64.whl", hash = "sha256:7088102345d1606450bd1801a61139bbaa2cb0d805b9b692f8d81918ea835da6"},
    {file = "frozendict-2.4.6-py311-none-any.whl", hash = "sha256:d065db6a44db2e2375c23eac816f1a022feb2fa98cbb50df44a9e83700accbea"},
    {file = "frozendict-2.4.6-py312-none-any.whl", hash = "sha256:49344abe90fb75f0f9fdefe6d4ef6d4894e640fadab71f11009d52ad97f370b9"},
    {file = "frozendict-2.4.6-py313-none-any.whl", hash = "sha256:7134a2bb95d4a16556bb5f2b9736dceb6ea848fa5b6f3f6c2d6dba93b44b4757"},
    {file = "frozendict-2.4.6.tar.gz", hash = "sha256:df7cd16470fbd26fc4969a208efadc46319334eb97def1ddf48919b351192b8e"},
]

[[package]]
name = "iniconfig"
version = "2.0.0"
description = "brain-dead simple config-ini parsing"
optional = false
python-versions = ">=3.7"
files = [
    {file = "iniconfig-2.0.0-py3-none-any.whl", hash = "sha256:b6a85871a79d2e3b22d2d1b94ac2824226a63c6b741c88f7ae975f18b6778374"},
    {file = "iniconfig-2.0.0.tar.gz", hash = "sha256:2d91e135bf72d31a410b17c16da610a82cb55f6b0477d1a902134b24a455b8b3"},
]

[[package]]
name = "macholib"
version = "1.16.3"
description = "Mach-O header analysis and editing"
optional = false
python-versions = "*"
files = [
    {file = "macholib-1.16.3-py2.py3-none-any.whl", hash = "sha256:0e315d7583d38b8c77e815b1ecbdbf504a8258d8b3e17b61165c6feb60d18f2c"},
    {file = "macholib-1.16.3.tar.gz", hash = "sha256:07ae9e15e8e4cd9a788013d81f5908b3609aa76f9b1421bae9c4d7606ec86a30"},
]

[package.dependencies]
altgraph = ">=0.17"

[[package]]
name = "packaging"
version = "24.2"
description = "Core utilities for Python packages"
optional = false
python-versions = ">=3.8"
files = [
    {file = "packaging-24.2-py3-none-any.whl", hash = "sha256:09abb1bccd265c01f4a3aa3f7a7db064b36514d2cba19a2f694fe6150451a759"},
    {file = "packaging-24.2.tar.gz", hash = "sha256:c228a6dc5e932d346bc5739379109d49e8853dd8223571c7c5b55260edc0b97f"},
]

[[package]]
name = "pefile"
version = "2023.2.7"
description = "Python PE parsing module"
optional = false
python-versions = ">=3.6.0"
files = [
    {file = "pefile-2023.2.7-py3-none-any.whl", hash = "sha256:da185cd2af68c08a6cd4481f7325ed600a88f6a813bad9dea07ab3ef73d8d8d6"},
    {file = "pefile-2023.2.7.tar.gz", hash = "sha256:82e6114004b3d6911c77c3953e3838654b04511b8b66e8583db70c65998017dc"},
]

[[package]]
name = "pluggy"
version = "1.5.0"
description = "plugin and hook calling mechanisms for python"
optional = false
python-versions = ">=3.8"
files = [
    {file = "pluggy-1.5.0-py3-none-any.whl", hash = "sha256:44e1ad92c8ca002de6377e165f3e0f1be63266ab4d554740532335b9d75ea669"},
    {file = "pluggy-1.5.0.tar.gz", hash = "sha256:2cffa88e94fdc978c4c574f15f9e59b7f4201d439195c3715ca9e2486f1d0cf1"},
]

[package.extras]
dev = ["pre-commit", "tox"]
testing = ["pytest", "pytest-benchmark"]

[[package]]
name = "pyinstaller"
version = "6.12.0"
description = "PyInstaller bundles a Python application and all its dependencies into a single package."
optional = false
python-versions = "<3.14,>=3.8"
files = [
    {file = "pyinstaller-6.12.0-py3-none-macosx_10_13_universal2.whl", hash = "sha256:68f1e4cecf88a6272063977fa2a2c69ad37cf568e5901769d7206d0314c74f47"},
    {file = "pyinstaller-6.12.0-py3-none-manylinux2014_aarch64.whl", hash = "sha256:fea76fc9b55ffa730fcf90beb897cce4399938460b0b6f40507fbebfc752c753"},
    {file = "pyinstaller-6.12.0-py3-none-manylinux2014_i686.whl", hash = "sha256:dac8a27988dbc33cdc34f2046803258bc3f6829de24de52745a5daa22bdba0f1"},
    {file = "pyinstaller-6.12.0-py3-none-manylinux2014_ppc64le.whl", hash = "sha256:83c7f3bde9871b4a6aa71c66a96e8ba5c21668ce711ed97f510b9382d10aac6c"},
    {file = "pyinstaller-6.12.0-py3-none-manylinux2014_s390x.whl", hash = "sha256:a69818815c6e0711c727edc30680cb1f81c691b59de35db81a2d9e0ae26a9ef1"},
    {file = "pyinstaller-6.12.0-py3-none-manylinux2014_x86_64.whl", hash = "sha256:a2abf5fde31a8b38b6df7939bcef8ac1d0c51e97e25317ce3555cd675259750f"},
    {file = "pyinstaller-6.12.0-py3-none-musllinux_1_1_aarch64.whl", hash = "sha256:8e92e9873a616547bbabbb5a3a9843d5f2ab40c3d8b26810acdf0fe257bee4cf"},
    {file = "pyinstaller-6.12.0-py3-none-musllinux_1_1_x86_64.whl", hash = "sha256:aefe502d55c9cf6aeaed7feba80b5f8491ce43f8f2b5fe2d9aadca3ee5a05bc4"},
    {file = "pyinstaller-6.12.0-py3-none-win32.whl", hash = "sha256:138856a5a503bb69c066377e0a22671b0db063e9cc14d5cf5c798a53561200d3"},
    {file = "pyinstaller-6.12.0-py3-none-win_amd64.whl", hash = "sha256:0e62d3906309248409f215b386f33afec845214e69cc0f296b93222b26a88f43"},
    {file = "pyinstaller-6.12.0-py3-none-win_arm64.whl", hash = "sha256:0c271896a3a168f4f91827145702543db9c5427f4c7372a6df8c75925a3ac18a"},
    {file = "pyinstaller-6.12.0.tar.gz", hash = "sha256:1834797be48ce1b26015af68bdeb3c61a6c7500136f04e0fc65e468115dec777"},
]

[package.dependencies]
altgraph = "*"
macholib = {version = ">=1.8", markers = "sys_platform == \"darwin\""}
packaging = ">=22.0"
pefile = {version = ">=2022.5.30,<2024.8.26 || >2024.8.26", markers = "sys_platform == \"win32\""}
pyinstaller-hooks-contrib = ">=2025.1"
pywin32-ctypes = {version = ">=0.2.1", markers = "sys_platform == \"win32\""}
setuptools = ">=42.0.0"

[package.extras]
completion = ["argcomplete"]
hook-testing = ["execnet (>=1.5.0)", "psutil", "pytest (>=2.7.3)"]

[[package]]
name = "pyinstaller-hooks-contrib"
version = "2025.1"
description = "Community maintained hooks for PyInstaller"
optional = false
python-versions = ">=3.8"
files = [
    {file = "pyinstaller_hooks_contrib-2025.1-py3-none-any.whl", hash = "sha256:d3c799470cbc0bda60dcc8e6b4ab976777532b77621337f2037f558905e3a8e9"},
    {file = "pyinstaller_hooks_contrib-2025.1.tar.gz", hash = "sha256:130818f9e9a0a7f2261f1fd66054966a3a50c99d000981c5d1db11d3ad0c6ab2"},
]

[package.dependencies]
packaging = ">=22.0"
setuptools = ">=42.0.0"

[[package]]
name = "pytest"
version = "8.3.4"
description = "pytest: simple powerful testing with Python"
optional = false
python-versions = ">=3.8"
files = [
    {file = "pytest-8.3.4-py3-none-any.whl", hash = "sha256:50e16d954148559c9a74109af1eaf0c945ba2d8f30f0a3d3335edde19788b6f6"},
    {file = "pytest-8.3.4.tar.gz", hash = "sha256:965370d062bce11e73868e0335abac31b4d3de0e82f4007408d242b4f8610761"},
]

[package.dependencies]
colorama = {version = "*", markers = "sys_platform == \"win32\""}
exceptiongroup = {version = ">=1.0.0rc8", markers = "python_version < \"3.11\""}
iniconfig = "*"
packaging = "*"
pluggy = ">=1.5,<2"
tomli = {version = ">=1", markers = "python_version < \"3.11\""}

[package.extras]
dev = ["argcomplete", "attrs (>=19.2)", "hypothesis (>=3.56)", "mock", "pygments (>=2.7.2)", "requests", "setuptools", "xmlschema"]

[[package]]
name = "pytest-cov"
version = "5.0.0"
description = "Pytest plugin for measuring coverage."
optional = false
python-versions = ">=3.8"
files = [
    {file = "pytest-cov-5.0.0.tar.gz", hash = "sha256:5837b58e9f6ebd335b0f8060eecce69b662415b16dc503883a02f45dfeb14857"},
    {file = "pytest_cov-5.0.0-py3-none-any.whl", hash = "sha256:4f0764a1219df53214206bf1feea4633c3b558a2925c8b59f144f682861ce652"},
]

[package.dependencies]
coverage = {version = ">=5.2.1", extras = ["toml"]}
pytest = ">=4.6"

[package.extras]
testing = ["fields", "hunter", "process-tests", "pytest-xdist", "virtualenv"]

[[package]]
name = "pyudev"
version = "0.24.3"
description = "A libudev binding"
optional = false
python-versions = ">=3.7"
files = [
    {file = "pyudev-0.24.3-py3-none-any.whl", hash = "sha256:e8246f0a014fe370119ba2bc781bfbe62c0298d0d6b39c94e83102a8a3f56960"},
    {file = "pyudev-0.24.3.tar.gz", hash = "sha256:2e945427a21674893bb97632401db62139d91cea1ee96137cc7b07ad22198fc7"},
]

[[package]]
name = "pywin32-ctypes"
version = "0.2.3"
description = "A (partial) reimplementation of pywin32 using ctypes/cffi"
optional = false
python-versions = ">=3.6"
files = [
    {file = "pywin32-ctypes-0.2.3.tar.gz", hash = "sha256:d162dc04946d704503b2edc4d55f3dba5c1d539ead017afa00142c38b9885755"},
    {file = "pywin32_ctypes-0.2.3-py3-none-any.whl", hash = "sha256:8a1513379d709975552d202d942d9837758905c8d01eb82b8bcc30918929e7b8"},
]

[[package]]
name = "setuptools"
version = "75.8.0"
description = "Easily download, build, install, upgrade, and uninstall Python packages"
optional = false
python-versions = ">=3.9"
files = [
    {file = "setuptools-75.8.0-py3-none-any.whl", hash = "sha256:e3982f444617239225d675215d51f6ba05f845d4eec313da4418fdbb56fb27e3"},
    {file = "setuptools-75.8.0.tar.gz", hash = "sha256:c5afc8f407c626b8313a86e10311dd3f661c6cd9c09d4bf8c15c0e11f9f2b0e6"},
]

[package.extras]
check = ["pytest-checkdocs (>=2.4)", "pytest-ruff (>=0.2.1)", "ruff (>=0.8.0)"]
core = ["importlib_metadata (>=6)", "jaraco.collections", "jaraco.functools (>=4)", "jaraco.text (>=3.7)", "more_itertools", "more_itertools (>=8.8)", "packaging", "packaging (>=24.2)", "platformdirs (>=4.2.2)", "tomli (>=2.0.1)", "wheel (>=0.43.0)"]
cover = ["pytest-cov"]
doc = ["furo", "jaraco.packaging (>=9.3)", "jaraco.tidelift (>=1.4)", "pygments-github-lexers (==0.0.5)", "pyproject-hooks (!=1.1)", "rst.linker (>=1.9)", "sphinx (>=3.5)", "sphinx-favicon", "sphinx-inline-tabs", "sphinx-lint", "sphinx-notfound-page (>=1,<2)", "sphinx-reredirects", "sphinxcontrib-towncrier", "towncrier (<24.7)"]
enabler = ["pytest-enabler (>=2.2)"]
test = ["build[virtualenv] (>=1.0.3)", "filelock (>=3.4.0)", "ini2toml[lite] (>=0.14)", "jaraco.develop (>=7.21)", "jaraco.envs (>=2.2)", "jaraco.path (>=3.7.2)", "jaraco.test (>=5.5)", "packaging (>=24.2)", "pip (>=19.1)", "pyproject-hooks (!=1.1)", "pytest (>=6,!=8.1.*)", "pytest-home (>=0.5)", "pytest-perf", "pytest-subprocess", "pytest-timeout", "pytest-xdist (>=3)", "tomli-w (>=1.0.0)", "virtualenv (>=13.0.0)", "wheel (>=0.44.0)"]
type = ["importlib_metadata (>=7.0.2)", "jaraco.develop (>=7.21)", "mypy (==1.14.*)", "pytest-mypy"]

[[package]]
name = "tomli"
version = "2.2.1"
description = "A lil' TOML parser"
optional = false
python-versions = ">=3.8"
files = [
    {file = "tomli-2.2.1-cp311-cp311-macosx_10_9_x86_64.whl", hash = "sha256:678e4fa69e4575eb77d103de3df8a895e1591b48e740211bd1067378c69e8249"},
    {file = "tomli-2.2.1-cp311-cp311-macosx_11_0_arm64.whl", hash = "sha256:023aa114dd824ade0100497eb2318602af309e5a55595f76b626d6d9f3b7b0a6"},
    {file = "tomli-2.2.1-cp311-cp311-manylinux_2_17_aarch64.manylinux2014_aarch64.whl", hash = "sha256:ece47d672db52ac607a3d9599a9d48dcb2f2f735c6c2d1f34130085bb12b112a"},
    {file = "tomli-2.2.1-cp311-cp311-manylinux_2_17_x86_64.manylinux2014_x86_64.whl", hash = "sha256:6972ca9c9cc9f0acaa56a8ca1ff51e7af152a9f87fb64623e31d5c83700080ee"},
    {file = "tomli-2.2.1-cp311-cp311-manylinux_2_5_i686.manylinux1_i686.manylinux_2_17_i686.manylinux2014_i686.whl", hash = "sha256:c954d2250168d28797dd4e3ac5cf812a406cd5a92674ee4c8f123c889786aa8e"},
    {file = "tomli-2.2.1-cp311-cp311-musllinux_1_2_aarch64.whl", hash = "sha256:8dd28b3e155b80f4d54beb40a441d366adcfe740969820caf156c019fb5c7ec4"},
    {file = "tomli-2.2.1-cp311-cp311-musllinux_1_2_i686.whl", hash = "sha256:e59e304978767a54663af13c07b3d1af22ddee3bb2fb0618ca1593e4f593a106"},
    {file = "tomli-2.2.1-cp311-cp311-musllinux_1_2_x86_64.whl", hash = "sha256:33580bccab0338d00994d7f16f4c4ec25b776af3ffaac1ed74e0b3fc95e885a8"},
    {file = "tomli-2.2.1-cp311-cp311-win32.whl", hash = "sha256:465af0e0875402f1d226519c9904f37254b3045fc5084697cefb9bdde1ff99ff"},
    {file = "tomli-2.2.1-cp311-cp311-win_amd64.whl", hash = "sha256:2d0f2fdd22b02c6d81637a3c95f8cd77f995846af7414c5c4b8d0545afa1bc4b"},
    {file = "tomli-2.2.1-cp312-cp312-macosx_10_13_x86_64.whl", hash = "sha256:4a8f6e44de52d5e6c657c9fe83b562f5f4256d8ebbfe4ff922c495620a7f6cea"},
    {file = "tomli-2.2.1-cp312-cp312-macosx_11_0_arm64.whl", hash = "sha256:8d57ca8095a641b8237d5b079147646153d22552f1c637fd3ba7f4b0b29167a8"},
    {file = "tomli-2.2.1-cp312-cp312-manylinux_2_17_aarch64.manylinux2014_aarch64.whl", hash = "sha256:4e340144ad7ae1533cb897d406382b4b6fede8890a03738ff1683af800d54192"},
    {file = "tomli-2.2.1-cp312-cp312-manylinux_2_17_x86_64.manylinux2014_x86_64.whl", hash = "sha256:db2b95f9de79181805df90bedc5a5ab4c165e6ec3fe99f970d0e302f384ad222"},
    {file = "tomli-2.2.1-cp312-cp312-manylinux_2_5_i686.manylinux1_i686.manylinux_2_17_i686.manylinux2014_i686.whl", hash = "sha256:40741994320b232529c802f8bc86da4e1aa9f413db394617b9a256ae0f9a7f77"},
    {file = "tomli-2.2.1-cp312-cp312-musllinux_1_2_aarch64.whl", hash = "sha256:400e720fe168c0f8521520190686ef8ef033fb19fc493da09779e592861b78c6"},
    {file = "tomli-2.2.1-cp312-cp312-musllinux_1_2_i686.whl", hash = "sha256:02abe224de6ae62c19f090f68da4e27b10af2b93213d36cf44e6e1c5abd19fdd"},
    {file = "tomli-2.2.1-cp312-cp312-musllinux_1_2_x86_64.whl", hash = "sha256:b82ebccc8c8a36f2094e969560a1b836758481f3dc360ce9a3277c65f374285e"},
    {file = "tomli-2.2.1-cp312-cp312-win32.whl", hash = "sha256:889f80ef92701b9dbb224e49ec87c645ce5df3fa2cc548664eb8a25e03127a98"},
    {file = "tomli-2.2.1-cp312-cp312-win_amd64.whl", hash = "sha256:7fc04e92e1d624a4a63c76474610238576942d6b8950a2d7f908a340494e67e4"},
    {file = "tomli-2.2.1-cp313-cp313-macosx_10_13_x86_64.whl", hash = "sha256:f4039b9cbc3048b2416cc57ab3bda989a6fcf9b36cf8937f01a6e731b64f80d7"},
    {file = "tomli-2.2.1-cp313-cp313-macosx_11_0_arm64.whl", hash = "sha256:286f0ca2ffeeb5b9bd4fcc8d6c330534323ec51b2f52da063b11c502da16f30c"},
    {file = "tomli-2.2.1-cp313-cp313-manylinux_2_17_aarch64.manylinux2014_aarch64.whl", hash = "sha256:a92ef1a44547e894e2a17d24e7557a5e85a9e1d0048b0b5e7541f76c5032cb13"},
    {file = "tomli-2.2.1-cp313-cp313-manylinux_2_17_x86_64.manylinux2014_x86_64.whl", hash = "sha256:9316dc65bed1684c9a98ee68759ceaed29d229e985297003e494aa825ebb0281"},
    {file = "tomli-2.2.1-cp313-cp313-manylinux_2_5_i686.manylinux1_i686.manylinux_2_17_i686.manylinux2014_i686.whl", hash = "sha256:e85e99945e688e32d5a35c1ff38ed0b3f41f43fad8df0bdf79f72b2ba7bc5272"},
    {file = "tomli-2.2.1-cp313-cp313-musllinux_1_2_aarch64.whl", hash = "sha256:ac065718db92ca818f8d6141b5f66369833d4a80a9d74435a268c52bdfa73140"},
    {file = "tomli-2.2.1-cp313-cp313-musllinux_1_2_i686.whl", hash = "sha256:d920f33822747519673ee656a4b6ac33e382eca9d331c87770faa3eef562aeb2"},
    {file = "tomli-2.2.1-cp313-cp313-musllinux_1_2_x86_64.whl", hash = "sha256:a198f10c4d1b1375d7687bc25294306e551bf1abfa4eace6650070a5c1ae2744"},
    {file = "tomli-2.2.1-cp313-cp313-win32.whl", hash = "sha256:d3f5614314d758649ab2ab3a62d4f2004c825922f9e370b29416484086b264ec"},
    {file = "tomli-2.2.1-cp313-cp313-win_amd64.whl", hash = "sha256:a38aa0308e754b0e3c67e344754dff64999ff9b513e691d0e786265c93583c69"},
    {file = "tomli-2.2.1-py3-none-any.whl", hash = "sha256:cb55c73c5f4408779d0cf3eef9f762b9c9f147a77de7b258bef0a5628adc85cc"},
    {file = "tomli-2.2.1.tar.gz", hash = "sha256:cd45e1dc79c835ce60f7404ec8119f2eb06d38b1deba146f07ced3bbc44505ff"},
]

[[package]]
name = "tomlkit"
version = "0.12.5"
description = "Style preserving TOML library"
optional = false
python-versions = ">=3.7"
files = [
    {file = "tomlkit-0.12.5-py3-none-any.whl", hash = "sha256:af914f5a9c59ed9d0762c7b64d3b5d5df007448eb9cd2edc8a46b1eafead172f"},
    {file = "tomlkit-0.12.5.tar.gz", hash = "sha256:eef34fba39834d4d6b73c9ba7f3e4d1c417a4e56f89a7e96e090dd0d24b8fb3c"},
]

[metadata]
lock-version = "2.0"
python-versions = "^3.10,<3.14"
content-hash = "c14f5a62631910a5e63ea51caca9124db845785b855799a71c303d7b768d2e4e"
